{
  "name": "Sell-Buy",
  "lockfileVersion": 3,
  "requires": true,
  "packages": {
    "": {
      "dependencies": {
        "@fontsource/sour-gummy": "^5.2.5"
      }
    },
    "node_modules/@fontsource/sour-gummy": {
      "version": "5.2.5",
      "resolved": "https://registry.npmjs.org/@fontsource/sour-gummy/-/sour-gummy-5.2.5.tgz",
      "integrity": "sha512-cLvgEXgr+xWdu10YUO/JnoVkR+LlFo9+2y45pWwBWbPZ5S1/sCMG8OMwO2otUbRikUZHmnkdKYeWUj+FITOykg==",
      "license": "OFL-1.1",
      "funding": {
        "url": "https://github.com/sponsors/ayuhito"
      }
    }
  }
}
